
Microsoft Visual Studio Solution File, Format Version 12.00
# Visual Studio Version 16
VisualStudioVersion = 16.0.29806.167
MinimumVisualStudioVersion = 10.0.40219.1
Project("{FAE04EC0-301F-11D3-BF4B-00C04F79EFBC}") = "Project.Domain", "Project.Domain\Project.Domain.csproj", "{9120B015-DE2A-4790-A69A-F03682B54AF4}"
EndProject
Project("{FAE04EC0-301F-11D3-BF4B-00C04F79EFBC}") = "Project.Service", "Project.Service\Project.Service.csproj", "{51A03F21-DB41-48C3-8270-D811530E0AA1}"
EndProject
Project("{FAE04EC0-301F-11D3-BF4B-00C04F79EFBC}") = "Project.Infrastructure", "Project.Infrastructure\Project.Infrastructure.csproj", "{B86C35B8-DCF4-49C5-A5A8-66BCD4B2F557}"
EndProject
Project("{FAE04EC0-301F-11D3-BF4B-00C04F79EFBC}") = "Project.App", "Project.App\Project.App.csproj", "{4FFC7828-2441-4D42-9D4A-F77BDE6B13F2}"
EndProject
Global
	GlobalSection(SolutionConfigurationPlatforms) = preSolution
		Debug|Any CPU = Debug|Any CPU
		Release|Any CPU = Release|Any CPU
	EndGlobalSection
	GlobalSection(ProjectConfigurationPlatforms) = postSolution
		{9120B015-DE2A-4790-A69A-F03682B54AF4}.Debug|Any CPU.ActiveCfg = Debug|Any CPU
		{9120B015-DE2A-4790-A69A-F03682B54AF4}.Debug|Any CPU.Build.0 = Debug|Any CPU
		{9120B015-DE2A-4790-A69A-F03682B54AF4}.Release|Any CPU.ActiveCfg = Release|Any CPU
		{9120B015-DE2A-4790-A69A-F03682B54AF4}.Release|Any CPU.Build.0 = Release|Any CPU
		{51A03F21-DB41-48C3-8270-D811530E0AA1}.Debug|Any CPU.ActiveCfg = Debug|Any CPU
		{51A03F21-DB41-48C3-8270-D811530E0AA1}.Debug|Any CPU.Build.0 = Debug|Any CPU
		{51A03F21-DB41-48C3-8270-D811530E0AA1}.Release|Any CPU.ActiveCfg = Release|Any CPU
		{51A03F21-DB41-48C3-8270-D811530E0AA1}.Release|Any CPU.Build.0 = Release|Any CPU
		{B86C35B8-DCF4-49C5-A5A8-66BCD4B2F557}.Debug|Any CPU.ActiveCfg = Debug|Any CPU
		{B86C35B8-DCF4-49C5-A5A8-66BCD4B2F557}.Debug|Any CPU.Build.0 = Debug|Any CPU
		{B86C35B8-DCF4-49C5-A5A8-66BCD4B2F557}.Release|Any CPU.ActiveCfg = Release|Any CPU
		{B86C35B8-DCF4-49C5-A5A8-66BCD4B2F557}.Release|Any CPU.Build.0 = Release|Any CPU
		{4FFC7828-2441-4D42-9D4A-F77BDE6B13F2}.Debug|Any CPU.ActiveCfg = Debug|Any CPU
		{4FFC7828-2441-4D42-9D4A-F77BDE6B13F2}.Debug|Any CPU.Build.0 = Debug|Any CPU
		{4FFC7828-2441-4D42-9D4A-F77BDE6B13F2}.Release|Any CPU.ActiveCfg = Release|Any CPU
		{4FFC7828-2441-4D42-9D4A-F77BDE6B13F2}.Release|Any CPU.Build.0 = Release|Any CPU
	EndGlobalSection
	GlobalSection(SolutionProperties) = preSolution
		HideSolutionNode = FALSE
	EndGlobalSection
	GlobalSection(ExtensibilityGlobals) = postSolution
		SolutionGuid = {64FE4DD6-D9CA-4A0C-BC5D-6BE19F7CDA20}
	EndGlobalSection
EndGlobal
